{
  "lockfileVersion": 1,
  "configVersion": 1,
  "workspaces": {
    "": {
      "name": "agentthreads",
      "dependencies": {
        "@github/copilot-sdk": "^0.1.23",
        "@openai/codex": "^0.93.0",
        "@openai/codex-sdk": "^0.93.0",
        "zod": "^4.3.6",
      },
      "devDependencies": {
        "@biomejs/biome": "latest",
        "@types/bun": "latest",
        "typescript": "latest",
      },
    },
  },
  "packages": {
    "@biomejs/biome": ["@biomejs/biome@2.3.14", "", { "optionalDependencies": { "@biomejs/cli-darwin-arm64": "2.3.14", "@biomejs/cli-darwin-x64": "2.3.14", "@biomejs/cli-linux-arm64": "2.3.14", "@biomejs/cli-linux-arm64-musl": "2.3.14", "@biomejs/cli-linux-x64": "2.3.14", "@biomejs/cli-linux-x64-musl": "2.3.14", "@biomejs/cli-win32-arm64": "2.3.14", "@biomejs/cli-win32-x64": "2.3.14" }, "bin": { "biome": "bin/biome" } }, "sha512-QMT6QviX0WqXJCaiqVMiBUCr5WRQ1iFSjvOLoTk6auKukJMvnMzWucXpwZB0e8F00/1/BsS9DzcKgWH+CLqVuA=="],

    "@biomejs/cli-darwin-arm64": ["@biomejs/cli-darwin-arm64@2.3.14", "", { "os": "darwin", "cpu": "arm64" }, "sha512-UJGPpvWJMkLxSRtpCAKfKh41Q4JJXisvxZL8ChN1eNW3m/WlPFJ6EFDCE7YfUb4XS8ZFi3C1dFpxUJ0Ety5n+A=="],

    "@biomejs/cli-darwin-x64": ["@biomejs/cli-darwin-x64@2.3.14", "", { "os": "darwin", "cpu": "x64" }, "sha512-PNkLNQG6RLo8lG7QoWe/hhnMxJIt1tEimoXpGQjwS/dkdNiKBLPv4RpeQl8o3s1OKI3ZOR5XPiYtmbGGHAOnLA=="],

    "@biomejs/cli-linux-arm64": ["@biomejs/cli-linux-arm64@2.3.14", "", { "os": "linux", "cpu": "arm64" }, "sha512-KT67FKfzIw6DNnUNdYlBg+eU24Go3n75GWK6NwU4+yJmDYFe9i/MjiI+U/iEzKvo0g7G7MZqoyrhIYuND2w8QQ=="],

    "@biomejs/cli-linux-arm64-musl": ["@biomejs/cli-linux-arm64-musl@2.3.14", "", { "os": "linux", "cpu": "arm64" }, "sha512-LInRbXhYujtL3sH2TMCH/UBwJZsoGwfQjBrMfl84CD4hL/41C/EU5mldqf1yoFpsI0iPWuU83U+nB2TUUypWeg=="],

    "@biomejs/cli-linux-x64": ["@biomejs/cli-linux-x64@2.3.14", "", { "os": "linux", "cpu": "x64" }, "sha512-ZsZzQsl9U+wxFrGGS4f6UxREUlgHwmEfu1IrXlgNFrNnd5Th6lIJr8KmSzu/+meSa9f4rzFrbEW9LBBA6ScoMA=="],

    "@biomejs/cli-linux-x64-musl": ["@biomejs/cli-linux-x64-musl@2.3.14", "", { "os": "linux", "cpu": "x64" }, "sha512-KQU7EkbBBuHPW3/rAcoiVmhlPtDSGOGRPv9js7qJVpYTzjQmVR+C9Rfcz+ti8YCH+zT1J52tuBybtP4IodjxZQ=="],

    "@biomejs/cli-win32-arm64": ["@biomejs/cli-win32-arm64@2.3.14", "", { "os": "win32", "cpu": "arm64" }, "sha512-+IKYkj/pUBbnRf1G1+RlyA3LWiDgra1xpS7H2g4BuOzzRbRB+hmlw0yFsLprHhbbt7jUzbzAbAjK/Pn0FDnh1A=="],

    "@biomejs/cli-win32-x64": ["@biomejs/cli-win32-x64@2.3.14", "", { "os": "win32", "cpu": "x64" }, "sha512-oizCjdyQ3WJEswpb3Chdngeat56rIdSYK12JI3iI11Mt5T5EXcZ7WLuowzEaFPNJ3zmOQFliMN8QY1Pi+qsfdQ=="],

    "@github/copilot": ["@github/copilot@0.0.403", "", { "optionalDependencies": { "@github/copilot-darwin-arm64": "0.0.403", "@github/copilot-darwin-x64": "0.0.403", "@github/copilot-linux-arm64": "0.0.403", "@github/copilot-linux-x64": "0.0.403", "@github/copilot-win32-arm64": "0.0.403", "@github/copilot-win32-x64": "0.0.403" }, "bin": { "copilot": "npm-loader.js" } }, "sha512-v5jUdtGJReLmE1rmff/LZf+50nzmYQYAaSRNtVNr9g0j0GkCd/noQExe31i1+PudvWU0ZJjltR0B8pUfDRdA9Q=="],

    "@github/copilot-darwin-arm64": ["@github/copilot-darwin-arm64@0.0.403", "", { "os": "darwin", "cpu": "arm64", "bin": { "copilot-darwin-arm64": "copilot" } }, "sha512-dOw8IleA0d1soHnbr/6wc6vZiYWNTKMgfTe/NET1nCfMzyKDt/0F0I7PT5y+DLujJknTla/ZeEmmBUmliTW4Cg=="],

    "@github/copilot-darwin-x64": ["@github/copilot-darwin-x64@0.0.403", "", { "os": "darwin", "cpu": "x64", "bin": { "copilot-darwin-x64": "copilot" } }, "sha512-aK2jSNWgY8eiZ+TmrvGhssMCPDTKArc0ip6Ul5OaslpytKks8hyXoRbxGD0N9sKioSUSbvKUf+1AqavbDpJO+w=="],

    "@github/copilot-linux-arm64": ["@github/copilot-linux-arm64@0.0.403", "", { "os": "linux", "cpu": "arm64", "bin": { "copilot-linux-arm64": "copilot" } }, "sha512-KhoR2iR70O6vCkzf0h8/K+p82qAgOvMTgAPm9bVEHvbdGFR7Py9qL5v03bMbPxsA45oNaZAkzDhfTAqWhIAZsQ=="],

    "@github/copilot-linux-x64": ["@github/copilot-linux-x64@0.0.403", "", { "os": "linux", "cpu": "x64", "bin": { "copilot-linux-x64": "copilot" } }, "sha512-eoswUc9vo4TB+/9PgFJLVtzI4dPjkpJXdCsAioVuoqPdNxHxlIHFe9HaVcqMRZxUNY1YHEBZozy+IpUEGjgdfQ=="],

    "@github/copilot-sdk": ["@github/copilot-sdk@0.1.23", "", { "dependencies": { "@github/copilot": "^0.0.403", "vscode-jsonrpc": "^8.2.1", "zod": "^4.3.6" } }, "sha512-0by81bsBQlDKE5VbcegZfUMvPyPm1aXwSGS2rGaMAFxv3ps+dACf1Voruxik7hQTae0ziVFJjuVrlxZoRaXBLw=="],

    "@github/copilot-win32-arm64": ["@github/copilot-win32-arm64@0.0.403", "", { "os": "win32", "cpu": "arm64", "bin": { "copilot-win32-arm64": "copilot.exe" } }, "sha512-djWjzCsp2xPNafMyOZ/ivU328/WvWhdroGie/DugiJBTgQL2SP0quWW1fhTlDwE81a3g9CxfJonaRgOpFTJTcg=="],

    "@github/copilot-win32-x64": ["@github/copilot-win32-x64@0.0.403", "", { "os": "win32", "cpu": "x64", "bin": { "copilot-win32-x64": "copilot.exe" } }, "sha512-lju8cHy2E6Ux7R7tWyLZeksYC2MVZu9i9ocjiBX/qfG2/pNJs7S5OlkwKJ0BSXSbZEHQYq7iHfEWp201bVfk9A=="],

    "@openai/codex": ["@openai/codex@0.93.0", "", { "bin": { "codex": "bin/codex.js" } }, "sha512-3skVlzRN3bApbyCX3zeEK6umGb4OfaTa/lsuJ9syng+NxUGptDMFsrOoC+rMU1uYeFtt+OjYttjpfHY2xE1DAQ=="],

    "@openai/codex-sdk": ["@openai/codex-sdk@0.93.0", "", {}, "sha512-9eHMhbXVIylI+lgh+Kput2DEakbYmJBTGHMXgzWwV58/NRrYVCKiAbWS462fHnlRxrJcF7Lmofa0V7uOZp7w7Q=="],

    "@types/bun": ["@types/bun@1.3.9", "", { "dependencies": { "bun-types": "1.3.9" } }, "sha512-KQ571yULOdWJiMH+RIWIOZ7B2RXQGpL1YQrBtLIV3FqDcCu6FsbFUBwhdKUlCKUpS3PJDsHlJ1QKlpxoVR+xtw=="],

    "@types/node": ["@types/node@25.1.0", "", { "dependencies": { "undici-types": "~7.16.0" } }, "sha512-t7frlewr6+cbx+9Ohpl0NOTKXZNV9xHRmNOvql47BFJKcEG1CxtxlPEEe+gR9uhVWM4DwhnvTF110mIL4yP9RA=="],

    "bun-types": ["bun-types@1.3.9", "", { "dependencies": { "@types/node": "*" } }, "sha512-+UBWWOakIP4Tswh0Bt0QD0alpTY8cb5hvgiYeWCMet9YukHbzuruIEeXC2D7nMJPB12kbh8C7XJykSexEqGKJg=="],

    "typescript": ["typescript@5.9.3", "", { "bin": { "tsc": "bin/tsc", "tsserver": "bin/tsserver" } }, "sha512-jl1vZzPDinLr9eUt3J/t7V6FgNEw9QjvBPdysz9KfQDD41fQrC2Y4vKQdiaUpFT4bXlb1RHhLpp8wtm6M5TgSw=="],

    "undici-types": ["undici-types@7.16.0", "", {}, "sha512-Zz+aZWSj8LE6zoxD+xrjh4VfkIG8Ya6LvYkZqtUQGJPZjYl53ypCaUwWqo7eI0x66KBGeRo+mlBEkMSeSZ38Nw=="],

    "vscode-jsonrpc": ["vscode-jsonrpc@8.2.1", "", {}, "sha512-kdjOSJ2lLIn7r1rtrMbbNCHjyMPfRnowdKjBQ+mGq6NAW5QY2bEZC/khaC5OR8svbbjvLEaIXkOq45e2X9BIbQ=="],

    "zod": ["zod@4.3.6", "", {}, "sha512-rftlrkhHZOcjDwkGlnUtZZkvaPHCsDATp4pGpuOOMDaTdDDXF91wuVDJoWoPsKX/3YPQ5fHuF3STjcYyKr+Qhg=="],
  }
}
